
Microsoft Visual Studio Solution File, Format Version 12.00
# Visual Studio 2017
Project("{FAE04EC0-301F-11D3-BF4B-00C04F79EFBC}") = "Morse Escape Project", "Morse Escape Project.csproj", "{1527A6EE-3BCD-E56A-B0E5-2ABFF8DAFDC0}"
EndProject
Global
	GlobalSection(SolutionConfigurationPlatforms) = preSolution
		Debug|Any CPU = Debug|Any CPU
		Release|Any CPU = Release|Any CPU
	EndGlobalSection
	GlobalSection(ProjectConfigurationPlatforms) = postSolution
		{1527A6EE-3BCD-E56A-B0E5-2ABFF8DAFDC0}.Debug|Any CPU.ActiveCfg = Debug|Any CPU
		{1527A6EE-3BCD-E56A-B0E5-2ABFF8DAFDC0}.Debug|Any CPU.Build.0 = Debug|Any CPU
		{1527A6EE-3BCD-E56A-B0E5-2ABFF8DAFDC0}.Release|Any CPU.ActiveCfg = Release|Any CPU
		{1527A6EE-3BCD-E56A-B0E5-2ABFF8DAFDC0}.Release|Any CPU.Build.0 = Release|Any CPU
	EndGlobalSection
	GlobalSection(SolutionProperties) = preSolution
		HideSolutionNode = FALSE
	EndGlobalSection
EndGlobal
