
Microsoft Visual Studio Solution File, Format Version 11.00
# Visual Studio 2010
Project("{FAE04EC0-301F-11D3-BF4B-00C04F79EFBC}") = "Morse Escape Project", "Assembly-CSharp.csproj", "{FF5EEEF9-5587-54C8-DBBD-FADB699C09C8}"
EndProject
Project("{FAE04EC0-301F-11D3-BF4B-00C04F79EFBC}") = "Morse Escape Project", "Assembly-CSharp-Editor.csproj", "{0253F126-492E-8A3E-C2C3-DADA71295BE1}"
EndProject
Global
	GlobalSection(SolutionConfigurationPlatforms) = preSolution
		Debug|Any CPU = Debug|Any CPU
		Release|Any CPU = Release|Any CPU
	EndGlobalSection
	GlobalSection(ProjectConfigurationPlatforms) = postSolution
		{FF5EEEF9-5587-54C8-DBBD-FADB699C09C8}.Debug|Any CPU.ActiveCfg = Debug|Any CPU
		{FF5EEEF9-5587-54C8-DBBD-FADB699C09C8}.Debug|Any CPU.Build.0 = Debug|Any CPU
		{FF5EEEF9-5587-54C8-DBBD-FADB699C09C8}.Release|Any CPU.ActiveCfg = Release|Any CPU
		{FF5EEEF9-5587-54C8-DBBD-FADB699C09C8}.Release|Any CPU.Build.0 = Release|Any CPU
		{0253F126-492E-8A3E-C2C3-DADA71295BE1}.Debug|Any CPU.ActiveCfg = Debug|Any CPU
		{0253F126-492E-8A3E-C2C3-DADA71295BE1}.Debug|Any CPU.Build.0 = Debug|Any CPU
		{0253F126-492E-8A3E-C2C3-DADA71295BE1}.Release|Any CPU.ActiveCfg = Release|Any CPU
		{0253F126-492E-8A3E-C2C3-DADA71295BE1}.Release|Any CPU.Build.0 = Release|Any CPU
	EndGlobalSection
	GlobalSection(SolutionProperties) = preSolution
		HideSolutionNode = FALSE
	EndGlobalSection
	GlobalSection(MonoDevelopProperties) = preSolution
		StartupItem = Assembly-CSharp.csproj
	EndGlobalSection
EndGlobal
